// !$*UTF8*$!
{
	archiveVersion = 1;
	classes = {
	};
	objectVersion = 46;
	objects = {

/* Begin PBXBuildFile section */
		95229CD51D8B991F002FC498 /* main.m in Sources */ = {isa = PBXBuildFile; fileRef = 95229CD41D8B991F002FC498 /* main.m */; };
		95229CD81D8B991F002FC498 /* AppDelegate.m in Sources */ = {isa = PBXBuildFile; fileRef = 95229CD71D8B991F002FC498 /* AppDelegate.m */; };
		95229CDB1D8B991F002FC498 /* ViewController.m in Sources */ = {isa = PBXBuildFile; fileRef = 95229CDA1D8B991F002FC498 /* ViewController.m */; };
		95229CDE1D8B991F002FC498 /* Main.storyboard in Resources */ = {isa = PBXBuildFile; fileRef = 95229CDC1D8B991F002FC498 /* Main.storyboard */; };
		95229CE01D8B991F002FC498 /* Assets.xcassets in Resources */ = {isa = PBXBuildFile; fileRef = 95229CDF1D8B991F002FC498 /* Assets.xcassets */; };
		95229CE31D8B991F002FC498 /* LaunchScreen.storyboard in Resources */ = {isa = PBXBuildFile; fileRef = 95229CE11D8B991F002FC498 /* LaunchScreen.storyboard */; };
		95229CEC1D8B9937002FC498 /* PieView.m in Sources */ = {isa = PBXBuildFile; fileRef = 95229CEB1D8B9937002FC498 /* PieView.m */; };
/* End PBXBuildFile section */

/* Begin PBXFileReference section */
		95229CD01D8B991F002FC498 /* Part15.app */ = {isa = PBXFileReference; explicitFileType = wrapper.application; includeInIndex = 0; path = Part15.app; sourceTree = BUILT_PRODUCTS_DIR; };
		95229CD41D8B991F002FC498 /* main.m */ = {isa = PBXFileReference; lastKnownFileType = sourcecode.c.objc; path = main.m; sourceTree = "<group>"; };
		95229CD61D8B991F002FC498 /* AppDelegate.h */ = {isa = PBXFileReference; lastKnownFileType = sourcecode.c.h; path = AppDelegate.h; sourceTree = "<group>"; };
		95229CD71D8B991F002FC498 /* AppDelegate.m */ = {isa = PBXFileReference; lastKnownFileType = sourcecode.c.objc; path = AppDelegate.m; sourceTree = "<group>"; };
		95229CD91D8B991F002FC498 /* ViewController.h */ = {isa = PBXFileReference; lastKnownFileType = sourcecode.c.h; path = ViewController.h; sourceTree = "<group>"; };
		95229CDA1D8B991F002FC498 /* ViewController.m */ = {isa = PBXFileReference; lastKnownFileType = sourcecode.c.objc; path = ViewController.m; sourceTree = "<group>"; };
		95229CDD1D8B991F002FC498 /* Base */ = {isa = PBXFileReference; lastKnownFileType = file.storyboard; name = Base; path = Base.lproj/Main.storyboard; sourceTree = "<group>"; };
		95229CDF1D8B991F002FC498 /* Assets.xcassets */ = {isa = PBXFileReference; lastKnownFileType = folder.assetcatalog; path = Assets.xcassets; sourceTree = "<group>"; };
		95229CE21D8B991F002FC498 /* Base */ = {isa = PBXFileReference; lastKnownFileType = file.storyboard; name = Base; path = Base.lproj/LaunchScreen.storyboard; sourceTree = "<group>"; };
		95229CE41D8B991F002FC498 /* Info.plist */ = {isa = PBXFileReference; lastKnownFileType = text.plist.xml; path = Info.plist; sourceTree = "<group>"; };
		95229CEA1D8B9937002FC498 /* PieView.h */ = {isa = PBXFileReference; fileEncoding = 4; lastKnownFileType = sourcecode.c.h; path = PieView.h; sourceTree = "<group>"; };
		95229CEB1D8B9937002FC498 /* PieView.m */ = {isa = PBXFileReference; fileEncoding = 4; lastKnownFileType = sourcecode.c.objc; path = PieView.m; sourceTree = "<group>"; };
/* End PBXFileReference section */

/* Begin PBXFrameworksBuildPhase section */
		95229CCD1D8B991F002FC498 /* Frameworks */ = {
			isa = PBXFrameworksBuildPhase;
			buildActionMask = 2147483647;
			files = (
			);
			runOnlyForDeploymentPostprocessing = 0;
		};
/* End PBXFrameworksBuildPhase section */

/* Begin PBXGroup section */
		95229CC71D8B991F002FC498 = {
			isa = PBXGroup;
			children = (
				95229CD21D8B991F002FC498 /* Part15 */,
				95229CD11D8B991F002FC498 /* Products */,
			);
			sourceTree = "<group>";
		};
		95229CD11D8B991F002FC498 /* Products */ = {
			isa = PBXGroup;
			children = (
				95229CD01D8B991F002FC498 /* Part15.app */,
			);
			name = Products;
			sourceTree = "<group>";
		};
		95229CD21D8B991F002FC498 /* Part15 */ = {
			isa = PBXGroup;
			children = (
				95229CD61D8B991F002FC498 /* AppDelegate.h */,
				95229CD71D8B991F002FC498 /* AppDelegate.m */,
				95229CD91D8B991F002FC498 /* ViewController.h */,
				95229CDA1D8B991F002FC498 /* ViewController.m */,
				95229CDC1D8B991F002FC498 /* Main.storyboard */,
				95229CEA1D8B9937002FC498 /* PieView.h */,
				95229CEB1D8B9937002FC498 /* PieView.m */,
				95229CDF1D8B991F002FC498 /* Assets.xcassets */,
				95229CE11D8B991F002FC498 /* LaunchScreen.storyboard */,
				95229CE41D8B991F002FC498 /* Info.plist */,
				95229CD31D8B991F002FC498 /* Supporting Files */,
			);
			path = Part15;
			sourceTree = "<group>";
		};
		95229CD31D8B991F002FC498 /* Supporting Files */ = {
			isa = PBXGroup;
			children = (
				95229CD41D8B991F002FC498 /* main.m */,
			);
			name = "Supporting Files";
			sourceTree = "<group>";
		};
/* End PBXGroup section */

/* Begin PBXNativeTarget section */
		95229CCF1D8B991F002FC498 /* Part15 */ = {
			isa = PBXNativeTarget;
			buildConfigurationList = 95229CE71D8B991F002FC498 /* Build configuration list for PBXNativeTarget "Part15" */;
			buildPhases = (
				95229CCC1D8B991F002FC498 /* Sources */,
				95229CCD1D8B991F002FC498 /* Frameworks */,
				95229CCE1D8B991F002FC498 /* Resources */,
			);
			buildRules = (
			);
			dependencies = (
			);
			name = Part15;
			productName = Part15;
			productReference = 95229CD01D8B991F002FC498 /* Part15.app */;
			productType = "com.apple.product-type.application";
		};
/* End PBXNativeTarget section */

/* Begin PBXProject section */
		95229CC81D8B991F002FC498 /* Project object */ = {
			isa = PBXProject;
			attributes = {
				LastUpgradeCheck = 0720;
				ORGANIZATIONNAME = Dom;
				TargetAttributes = {
					95229CCF1D8B991F002FC498 = {
						CreatedOnToolsVersion = 7.2.1;
						DevelopmentTeam = XWA7JYNQA2;
					};
				};
			};
			buildConfigurationList = 95229CCB1D8B991F002FC498 /* Build configuration list for PBXProject "Part15" */;
			compatibilityVersion = "Xcode 3.2";
			developmentRegion = English;
			hasScannedForEncodings = 0;
			knownRegions = (
				en,
				Base,
			);
			mainGroup = 95229CC71D8B991F002FC498;
			productRefGroup = 95229CD11D8B991F002FC498 /* Products */;
			projectDirPath = "";
			projectRoot = "";
			targets = (
				95229CCF1D8B991F002FC498 /* Part15 */,
			);
		};
/* End PBXProject section */

/* Begin PBXResourcesBuildPhase section */
		95229CCE1D8B991F002FC498 /* Resources */ = {
			isa = PBXResourcesBuildPhase;
			buildActionMask = 2147483647;
			files = (
				95229CE31D8B991F002FC498 /* LaunchScreen.storyboard in Resources */,
				95229CE01D8B991F002FC498 /* Assets.xcassets in Resources */,
				95229CDE1D8B991F002FC498 /* Main.storyboard in Resources */,
			);
			runOnlyForDeploymentPostprocessing = 0;
		};
/* End PBXResourcesBuildPhase section */

/* Begin PBXSourcesBuildPhase section */
		95229CCC1D8B991F002FC498 /* Sources */ = {
			isa = PBXSourcesBuildPhase;
			buildActionMask = 2147483647;
			files = (
				95229CDB1D8B991F002FC498 /* ViewController.m in Sources */,
				95229CEC1D8B9937002FC498 /* PieView.m in Sources */,
				95229CD81D8B991F002FC498 /* AppDelegate.m in Sources */,
				95229CD51D8B991F002FC498 /* main.m in Sources */,
			);
			runOnlyForDeploymentPostprocessing = 0;
		};
/* End PBXSourcesBuildPhase section */

/* Begin PBXVariantGroup section */
		95229CDC1D8B991F002FC498 /* Main.storyboard */ = {
			isa = PBXVariantGroup;
			children = (
				95229CDD1D8B991F002FC498 /* Base */,
			);
			name = Main.storyboard;
			sourceTree = "<group>";
		};
		95229CE11D8B991F002FC498 /* LaunchScreen.storyboard */ = {
			isa = PBXVariantGroup;
			children = (
				95229CE21D8B991F002FC498 /* Base */,
			);
			name = LaunchScreen.storyboard;
			sourceTree = "<group>";
		};
/* End PBXVariantGroup section */

/* Begin XCBuildConfiguration section */
		95229CE51D8B991F002FC498 /* Debug */ = {
			isa = XCBuildConfiguration;
			buildSettings = {
				ALWAYS_SEARCH_USER_PATHS = NO;
				CLANG_CXX_LANGUAGE_STANDARD = "gnu++0x";
				CLANG_CXX_LIBRARY = "libc++";
				CLANG_ENABLE_MODULES = YES;
				CLANG_ENABLE_OBJC_ARC = YES;
				CLANG_WARN_BOOL_CONVERSION = YES;
				CLANG_WARN_CONSTANT_CONVERSION = YES;
				CLANG_WARN_DIRECT_OBJC_ISA_USAGE = YES_ERROR;
				CLANG_WARN_EMPTY_BODY = YES;
				CLANG_WARN_ENUM_CONVERSION = YES;
				CLANG_WARN_INT_CONVERSION = YES;
				CLANG_WARN_OBJC_ROOT_CLASS = YES_ERROR;
				CLANG_WARN_UNREACHABLE_CODE = YES;
				CLANG_WARN__DUPLICATE_METHOD_MATCH = YES;
				"CODE_SIGN_IDENTITY[sdk=iphoneos*]" = "iPhone Developer";
				COPY_PHASE_STRIP = NO;
				DEBUG_INFORMATION_FORMAT = dwarf;
				ENABLE_STRICT_OBJC_MSGSEND = YES;
				ENABLE_TESTABILITY = YES;
				GCC_C_LANGUAGE_STANDARD = gnu99;
				GCC_DYNAMIC_NO_PIC = NO;
				GCC_NO_COMMON_BLOCKS = YES;
				GCC_OPTIMIZATION_LEVEL = 0;
				GCC_PREPROCESSOR_DEFINITIONS = (
					"DEBUG=1",
					"$(inherited)",
				);
				GCC_WARN_64_TO_32_BIT_CONVERSION = YES;
				GCC_WARN_ABOUT_RETURN_TYPE = YES_ERROR;
				GCC_WARN_UNDECLARED_SELECTOR = YES;
				GCC_WARN_UNINITIALIZED_AUTOS = YES_AGGRESSIVE;
				GCC_WARN_UNUSED_FUNCTION = YES;
				GCC_WARN_UNUSED_VARIABLE = YES;
				IPHONEOS_DEPLOYMENT_TARGET = 9.2;
				MTL_ENABLE_DEBUG_INFO = YES;
				ONLY_ACTIVE_ARCH = YES;
				SDKROOT = iphoneos;
				TARGETED_DEVICE_FAMILY = "1,2";
			};
			name = Debug;
		};
		95229CE61D8B991F002FC498 /* Release */ = {
			isa = XCBuildConfiguration;
			buildSettings = {
				ALWAYS_SEARCH_USER_PATHS = NO;
				CLANG_CXX_LANGUAGE_STANDARD = "gnu++0x";
				CLANG_CXX_LIBRARY = "libc++";
				CLANG_ENABLE_MODULES = YES;
				CLANG_ENABLE_OBJC_ARC = YES;
				CLANG_WARN_BOOL_CONVERSION = YES;
				CLANG_WARN_CONSTANT_CONVERSION = YES;
				CLANG_WARN_DIRECT_OBJC_ISA_USAGE = YES_ERROR;
				CLANG_WARN_EMPTY_BODY = YES;
				CLANG_WARN_ENUM_CONVERSION = YES;
				CLANG_WARN_INT_CONVERSION = YES;
				CLANG_WARN_OBJC_ROOT_CLASS = YES_ERROR;
				CLANG_WARN_UNREACHABLE_CODE = YES;
				CLANG_WARN__DUPLICATE_METHOD_MATCH = YES;
				"CODE_SIGN_IDENTITY[sdk=iphoneos*]" = "iPhone Developer";
				COPY_PHASE_STRIP = NO;
				DEBUG_INFORMATION_FORMAT = "dwarf-with-dsym";
				ENABLE_NS_ASSERTIONS = NO;
				ENABLE_STRICT_OBJC_MSGSEND = YES;
				GCC_C_LANGUAGE_STANDARD = gnu99;
				GCC_NO_COMMON_BLOCKS = YES;
				GCC_WARN_64_TO_32_BIT_CONVERSION = YES;
				GCC_WARN_ABOUT_RETURN_TYPE = YES_ERROR;
				GCC_WARN_UNDECLARED_SELECTOR = YES;
				GCC_WARN_UNINITIALIZED_AUTOS = YES_AGGRESSIVE;
				GCC_WARN_UNUSED_FUNCTION = YES;
				GCC_WARN_UNUSED_VARIABLE = YES;
				IPHONEOS_DEPLOYMENT_TARGET = 9.2;
				MTL_ENABLE_DEBUG_INFO = NO;
				SDKROOT = iphoneos;
				TARGETED_DEVICE_FAMILY = "1,2";
				VALIDATE_PRODUCT = YES;
			};
			name = Release;
		};
		95229CE81D8B991F002FC498 /* Debug */ = {
			isa = XCBuildConfiguration;
			buildSettings = {
				ASSETCATALOG_COMPILER_APPICON_NAME = AppIcon;
				INFOPLIST_FILE = Part15/Info.plist;
				LD_RUNPATH_SEARCH_PATHS = "$(inherited) @executable_path/Frameworks";
				PRODUCT_BUNDLE_IDENTIFIER = com.dom.Part15;
				PRODUCT_NAME = "$(TARGET_NAME)";
			};
			name = Debug;
		};
		95229CE91D8B991F002FC498 /* Release */ = {
			isa = XCBuildConfiguration;
			buildSettings = {
				ASSETCATALOG_COMPILER_APPICON_NAME = AppIcon;
				INFOPLIST_FILE = Part15/Info.plist;
				LD_RUNPATH_SEARCH_PATHS = "$(inherited) @executable_path/Frameworks";
				PRODUCT_BUNDLE_IDENTIFIER = com.dom.Part15;
				PRODUCT_NAME = "$(TARGET_NAME)";
			};
			name = Release;
		};
/* End XCBuildConfiguration section */

/* Begin XCConfigurationList section */
		95229CCB1D8B991F002FC498 /* Build configuration list for PBXProject "Part15" */ = {
			isa = XCConfigurationList;
			buildConfigurations = (
				95229CE51D8B991F002FC498 /* Debug */,
				95229CE61D8B991F002FC498 /* Release */,
			);
			defaultConfigurationIsVisible = 0;
			defaultConfigurationName = Release;
		};
		95229CE71D8B991F002FC498 /* Build configuration list for PBXNativeTarget "Part15" */ = {
			isa = XCConfigurationList;
			buildConfigurations = (
				95229CE81D8B991F002FC498 /* Debug */,
				95229CE91D8B991F002FC498 /* Release */,
			);
			defaultConfigurationIsVisible = 0;
		};
/* End XCConfigurationList section */
	};
	rootObject = 95229CC81D8B991F002FC498 /* Project object */;
}
