// !$*UTF8*$!
{
	archiveVersion = 1;
	classes = {
	};
	objectVersion = 46;
	objects = {

/* Begin PBXBuildFile section */
		9536E5901D9133AC00DB92AD /* main.m in Sources */ = {isa = PBXBuildFile; fileRef = 9536E58F1D9133AC00DB92AD /* main.m */; };
		9536E5931D9133AC00DB92AD /* AppDelegate.m in Sources */ = {isa = PBXBuildFile; fileRef = 9536E5921D9133AC00DB92AD /* AppDelegate.m */; };
		9536E5961D9133AC00DB92AD /* ViewController.m in Sources */ = {isa = PBXBuildFile; fileRef = 9536E5951D9133AC00DB92AD /* ViewController.m */; };
		9536E5991D9133AC00DB92AD /* Main.storyboard in Resources */ = {isa = PBXBuildFile; fileRef = 9536E5971D9133AC00DB92AD /* Main.storyboard */; };
		9536E59B1D9133AC00DB92AD /* Assets.xcassets in Resources */ = {isa = PBXBuildFile; fileRef = 9536E59A1D9133AC00DB92AD /* Assets.xcassets */; };
		9536E59E1D9133AC00DB92AD /* LaunchScreen.storyboard in Resources */ = {isa = PBXBuildFile; fileRef = 9536E59C1D9133AC00DB92AD /* LaunchScreen.storyboard */; };
		9536E5A71D9133C100DB92AD /* CycleView.m in Sources */ = {isa = PBXBuildFile; fileRef = 9536E5A61D9133C100DB92AD /* CycleView.m */; };
/* End PBXBuildFile section */

/* Begin PBXFileReference section */
		9536E58B1D9133AC00DB92AD /* Part19.app */ = {isa = PBXFileReference; explicitFileType = wrapper.application; includeInIndex = 0; path = Part19.app; sourceTree = BUILT_PRODUCTS_DIR; };
		9536E58F1D9133AC00DB92AD /* main.m */ = {isa = PBXFileReference; lastKnownFileType = sourcecode.c.objc; path = main.m; sourceTree = "<group>"; };
		9536E5911D9133AC00DB92AD /* AppDelegate.h */ = {isa = PBXFileReference; lastKnownFileType = sourcecode.c.h; path = AppDelegate.h; sourceTree = "<group>"; };
		9536E5921D9133AC00DB92AD /* AppDelegate.m */ = {isa = PBXFileReference; lastKnownFileType = sourcecode.c.objc; path = AppDelegate.m; sourceTree = "<group>"; };
		9536E5941D9133AC00DB92AD /* ViewController.h */ = {isa = PBXFileReference; lastKnownFileType = sourcecode.c.h; path = ViewController.h; sourceTree = "<group>"; };
		9536E5951D9133AC00DB92AD /* ViewController.m */ = {isa = PBXFileReference; lastKnownFileType = sourcecode.c.objc; path = ViewController.m; sourceTree = "<group>"; };
		9536E5981D9133AC00DB92AD /* Base */ = {isa = PBXFileReference; lastKnownFileType = file.storyboard; name = Base; path = Base.lproj/Main.storyboard; sourceTree = "<group>"; };
		9536E59A1D9133AC00DB92AD /* Assets.xcassets */ = {isa = PBXFileReference; lastKnownFileType = folder.assetcatalog; path = Assets.xcassets; sourceTree = "<group>"; };
		9536E59D1D9133AC00DB92AD /* Base */ = {isa = PBXFileReference; lastKnownFileType = file.storyboard; name = Base; path = Base.lproj/LaunchScreen.storyboard; sourceTree = "<group>"; };
		9536E59F1D9133AC00DB92AD /* Info.plist */ = {isa = PBXFileReference; lastKnownFileType = text.plist.xml; path = Info.plist; sourceTree = "<group>"; };
		9536E5A51D9133C100DB92AD /* CycleView.h */ = {isa = PBXFileReference; fileEncoding = 4; lastKnownFileType = sourcecode.c.h; path = CycleView.h; sourceTree = "<group>"; };
		9536E5A61D9133C100DB92AD /* CycleView.m */ = {isa = PBXFileReference; fileEncoding = 4; lastKnownFileType = sourcecode.c.objc; path = CycleView.m; sourceTree = "<group>"; };
/* End PBXFileReference section */

/* Begin PBXFrameworksBuildPhase section */
		9536E5881D9133AC00DB92AD /* Frameworks */ = {
			isa = PBXFrameworksBuildPhase;
			buildActionMask = 2147483647;
			files = (
			);
			runOnlyForDeploymentPostprocessing = 0;
		};
/* End PBXFrameworksBuildPhase section */

/* Begin PBXGroup section */
		9536E5821D9133AC00DB92AD = {
			isa = PBXGroup;
			children = (
				9536E58D1D9133AC00DB92AD /* Part19 */,
				9536E58C1D9133AC00DB92AD /* Products */,
			);
			sourceTree = "<group>";
		};
		9536E58C1D9133AC00DB92AD /* Products */ = {
			isa = PBXGroup;
			children = (
				9536E58B1D9133AC00DB92AD /* Part19.app */,
			);
			name = Products;
			sourceTree = "<group>";
		};
		9536E58D1D9133AC00DB92AD /* Part19 */ = {
			isa = PBXGroup;
			children = (
				9536E5911D9133AC00DB92AD /* AppDelegate.h */,
				9536E5921D9133AC00DB92AD /* AppDelegate.m */,
				9536E5941D9133AC00DB92AD /* ViewController.h */,
				9536E5951D9133AC00DB92AD /* ViewController.m */,
				9536E5971D9133AC00DB92AD /* Main.storyboard */,
				9536E5A51D9133C100DB92AD /* CycleView.h */,
				9536E5A61D9133C100DB92AD /* CycleView.m */,
				9536E59A1D9133AC00DB92AD /* Assets.xcassets */,
				9536E59C1D9133AC00DB92AD /* LaunchScreen.storyboard */,
				9536E59F1D9133AC00DB92AD /* Info.plist */,
				9536E58E1D9133AC00DB92AD /* Supporting Files */,
			);
			path = Part19;
			sourceTree = "<group>";
		};
		9536E58E1D9133AC00DB92AD /* Supporting Files */ = {
			isa = PBXGroup;
			children = (
				9536E58F1D9133AC00DB92AD /* main.m */,
			);
			name = "Supporting Files";
			sourceTree = "<group>";
		};
/* End PBXGroup section */

/* Begin PBXNativeTarget section */
		9536E58A1D9133AC00DB92AD /* Part19 */ = {
			isa = PBXNativeTarget;
			buildConfigurationList = 9536E5A21D9133AC00DB92AD /* Build configuration list for PBXNativeTarget "Part19" */;
			buildPhases = (
				9536E5871D9133AC00DB92AD /* Sources */,
				9536E5881D9133AC00DB92AD /* Frameworks */,
				9536E5891D9133AC00DB92AD /* Resources */,
			);
			buildRules = (
			);
			dependencies = (
			);
			name = Part19;
			productName = Part19;
			productReference = 9536E58B1D9133AC00DB92AD /* Part19.app */;
			productType = "com.apple.product-type.application";
		};
/* End PBXNativeTarget section */

/* Begin PBXProject section */
		9536E5831D9133AC00DB92AD /* Project object */ = {
			isa = PBXProject;
			attributes = {
				LastUpgradeCheck = 0720;
				ORGANIZATIONNAME = "薛尧";
				TargetAttributes = {
					9536E58A1D9133AC00DB92AD = {
						CreatedOnToolsVersion = 7.2.1;
						DevelopmentTeam = XWA7JYNQA2;
					};
				};
			};
			buildConfigurationList = 9536E5861D9133AC00DB92AD /* Build configuration list for PBXProject "Part19" */;
			compatibilityVersion = "Xcode 3.2";
			developmentRegion = English;
			hasScannedForEncodings = 0;
			knownRegions = (
				en,
				Base,
			);
			mainGroup = 9536E5821D9133AC00DB92AD;
			productRefGroup = 9536E58C1D9133AC00DB92AD /* Products */;
			projectDirPath = "";
			projectRoot = "";
			targets = (
				9536E58A1D9133AC00DB92AD /* Part19 */,
			);
		};
/* End PBXProject section */

/* Begin PBXResourcesBuildPhase section */
		9536E5891D9133AC00DB92AD /* Resources */ = {
			isa = PBXResourcesBuildPhase;
			buildActionMask = 2147483647;
			files = (
				9536E59E1D9133AC00DB92AD /* LaunchScreen.storyboard in Resources */,
				9536E59B1D9133AC00DB92AD /* Assets.xcassets in Resources */,
				9536E5991D9133AC00DB92AD /* Main.storyboard in Resources */,
			);
			runOnlyForDeploymentPostprocessing = 0;
		};
/* End PBXResourcesBuildPhase section */

/* Begin PBXSourcesBuildPhase section */
		9536E5871D9133AC00DB92AD /* Sources */ = {
			isa = PBXSourcesBuildPhase;
			buildActionMask = 2147483647;
			files = (
				9536E5961D9133AC00DB92AD /* ViewController.m in Sources */,
				9536E5A71D9133C100DB92AD /* CycleView.m in Sources */,
				9536E5931D9133AC00DB92AD /* AppDelegate.m in Sources */,
				9536E5901D9133AC00DB92AD /* main.m in Sources */,
			);
			runOnlyForDeploymentPostprocessing = 0;
		};
/* End PBXSourcesBuildPhase section */

/* Begin PBXVariantGroup section */
		9536E5971D9133AC00DB92AD /* Main.storyboard */ = {
			isa = PBXVariantGroup;
			children = (
				9536E5981D9133AC00DB92AD /* Base */,
			);
			name = Main.storyboard;
			sourceTree = "<group>";
		};
		9536E59C1D9133AC00DB92AD /* LaunchScreen.storyboard */ = {
			isa = PBXVariantGroup;
			children = (
				9536E59D1D9133AC00DB92AD /* Base */,
			);
			name = LaunchScreen.storyboard;
			sourceTree = "<group>";
		};
/* End PBXVariantGroup section */

/* Begin XCBuildConfiguration section */
		9536E5A01D9133AC00DB92AD /* Debug */ = {
			isa = XCBuildConfiguration;
			buildSettings = {
				ALWAYS_SEARCH_USER_PATHS = NO;
				CLANG_CXX_LANGUAGE_STANDARD = "gnu++0x";
				CLANG_CXX_LIBRARY = "libc++";
				CLANG_ENABLE_MODULES = YES;
				CLANG_ENABLE_OBJC_ARC = YES;
				CLANG_WARN_BOOL_CONVERSION = YES;
				CLANG_WARN_CONSTANT_CONVERSION = YES;
				CLANG_WARN_DIRECT_OBJC_ISA_USAGE = YES_ERROR;
				CLANG_WARN_EMPTY_BODY = YES;
				CLANG_WARN_ENUM_CONVERSION = YES;
				CLANG_WARN_INT_CONVERSION = YES;
				CLANG_WARN_OBJC_ROOT_CLASS = YES_ERROR;
				CLANG_WARN_UNREACHABLE_CODE = YES;
				CLANG_WARN__DUPLICATE_METHOD_MATCH = YES;
				"CODE_SIGN_IDENTITY[sdk=iphoneos*]" = "iPhone Developer";
				COPY_PHASE_STRIP = NO;
				DEBUG_INFORMATION_FORMAT = dwarf;
				ENABLE_STRICT_OBJC_MSGSEND = YES;
				ENABLE_TESTABILITY = YES;
				GCC_C_LANGUAGE_STANDARD = gnu99;
				GCC_DYNAMIC_NO_PIC = NO;
				GCC_NO_COMMON_BLOCKS = YES;
				GCC_OPTIMIZATION_LEVEL = 0;
				GCC_PREPROCESSOR_DEFINITIONS = (
					"DEBUG=1",
					"$(inherited)",
				);
				GCC_WARN_64_TO_32_BIT_CONVERSION = YES;
				GCC_WARN_ABOUT_RETURN_TYPE = YES_ERROR;
				GCC_WARN_UNDECLARED_SELECTOR = YES;
				GCC_WARN_UNINITIALIZED_AUTOS = YES_AGGRESSIVE;
				GCC_WARN_UNUSED_FUNCTION = YES;
				GCC_WARN_UNUSED_VARIABLE = YES;
				IPHONEOS_DEPLOYMENT_TARGET = 9.2;
				MTL_ENABLE_DEBUG_INFO = YES;
				ONLY_ACTIVE_ARCH = YES;
				SDKROOT = iphoneos;
				TARGETED_DEVICE_FAMILY = "1,2";
			};
			name = Debug;
		};
		9536E5A11D9133AC00DB92AD /* Release */ = {
			isa = XCBuildConfiguration;
			buildSettings = {
				ALWAYS_SEARCH_USER_PATHS = NO;
				CLANG_CXX_LANGUAGE_STANDARD = "gnu++0x";
				CLANG_CXX_LIBRARY = "libc++";
				CLANG_ENABLE_MODULES = YES;
				CLANG_ENABLE_OBJC_ARC = YES;
				CLANG_WARN_BOOL_CONVERSION = YES;
				CLANG_WARN_CONSTANT_CONVERSION = YES;
				CLANG_WARN_DIRECT_OBJC_ISA_USAGE = YES_ERROR;
				CLANG_WARN_EMPTY_BODY = YES;
				CLANG_WARN_ENUM_CONVERSION = YES;
				CLANG_WARN_INT_CONVERSION = YES;
				CLANG_WARN_OBJC_ROOT_CLASS = YES_ERROR;
				CLANG_WARN_UNREACHABLE_CODE = YES;
				CLANG_WARN__DUPLICATE_METHOD_MATCH = YES;
				"CODE_SIGN_IDENTITY[sdk=iphoneos*]" = "iPhone Developer";
				COPY_PHASE_STRIP = NO;
				DEBUG_INFORMATION_FORMAT = "dwarf-with-dsym";
				ENABLE_NS_ASSERTIONS = NO;
				ENABLE_STRICT_OBJC_MSGSEND = YES;
				GCC_C_LANGUAGE_STANDARD = gnu99;
				GCC_NO_COMMON_BLOCKS = YES;
				GCC_WARN_64_TO_32_BIT_CONVERSION = YES;
				GCC_WARN_ABOUT_RETURN_TYPE = YES_ERROR;
				GCC_WARN_UNDECLARED_SELECTOR = YES;
				GCC_WARN_UNINITIALIZED_AUTOS = YES_AGGRESSIVE;
				GCC_WARN_UNUSED_FUNCTION = YES;
				GCC_WARN_UNUSED_VARIABLE = YES;
				IPHONEOS_DEPLOYMENT_TARGET = 9.2;
				MTL_ENABLE_DEBUG_INFO = NO;
				SDKROOT = iphoneos;
				TARGETED_DEVICE_FAMILY = "1,2";
				VALIDATE_PRODUCT = YES;
			};
			name = Release;
		};
		9536E5A31D9133AC00DB92AD /* Debug */ = {
			isa = XCBuildConfiguration;
			buildSettings = {
				ASSETCATALOG_COMPILER_APPICON_NAME = AppIcon;
				INFOPLIST_FILE = Part19/Info.plist;
				LD_RUNPATH_SEARCH_PATHS = "$(inherited) @executable_path/Frameworks";
				PRODUCT_BUNDLE_IDENTIFIER = com.dom.Part19;
				PRODUCT_NAME = "$(TARGET_NAME)";
			};
			name = Debug;
		};
		9536E5A41D9133AC00DB92AD /* Release */ = {
			isa = XCBuildConfiguration;
			buildSettings = {
				ASSETCATALOG_COMPILER_APPICON_NAME = AppIcon;
				INFOPLIST_FILE = Part19/Info.plist;
				LD_RUNPATH_SEARCH_PATHS = "$(inherited) @executable_path/Frameworks";
				PRODUCT_BUNDLE_IDENTIFIER = com.dom.Part19;
				PRODUCT_NAME = "$(TARGET_NAME)";
			};
			name = Release;
		};
/* End XCBuildConfiguration section */

/* Begin XCConfigurationList section */
		9536E5861D9133AC00DB92AD /* Build configuration list for PBXProject "Part19" */ = {
			isa = XCConfigurationList;
			buildConfigurations = (
				9536E5A01D9133AC00DB92AD /* Debug */,
				9536E5A11D9133AC00DB92AD /* Release */,
			);
			defaultConfigurationIsVisible = 0;
			defaultConfigurationName = Release;
		};
		9536E5A21D9133AC00DB92AD /* Build configuration list for PBXNativeTarget "Part19" */ = {
			isa = XCConfigurationList;
			buildConfigurations = (
				9536E5A31D9133AC00DB92AD /* Debug */,
				9536E5A41D9133AC00DB92AD /* Release */,
			);
			defaultConfigurationIsVisible = 0;
		};
/* End XCConfigurationList section */
	};
	rootObject = 9536E5831D9133AC00DB92AD /* Project object */;
}
